Microsoft Visual Studio Solution File, Format Version 12.00
# Visual Studio Version 17
VisualStudioVersion = 17.5.2.0
MinimumVisualStudioVersion = 10.0.40219.1
Project("{FAE04EC0-301F-11D3-BF4B-00C04F79EFBC}") = "DoctorAppointmentSystem", "DoctorAppointmentSystem.csproj", "{24ADE3AE-6240-2855-B511-09394AD04556}"
EndProject
Global
	GlobalSection(SolutionConfigurationPlatforms) = preSolution
		Debug|Any CPU = Debug|Any CPU
		Release|Any CPU = Release|Any CPU
	EndGlobalSection
	GlobalSection(ProjectConfigurationPlatforms) = postSolution
		{24ADE3AE-6240-2855-B511-09394AD04556}.Debug|Any CPU.ActiveCfg = Debug|Any CPU
		{24ADE3AE-6240-2855-B511-09394AD04556}.Debug|Any CPU.Build.0 = Debug|Any CPU
		{24ADE3AE-6240-2855-B511-09394AD04556}.Release|Any CPU.ActiveCfg = Release|Any CPU
		{24ADE3AE-6240-2855-B511-09394AD04556}.Release|Any CPU.Build.0 = Release|Any CPU
	EndGlobalSection
	GlobalSection(SolutionProperties) = preSolution
		HideSolutionNode = FALSE
	EndGlobalSection
	GlobalSection(ExtensibilityGlobals) = postSolution
		SolutionGuid = {1215A00F-B261-4A2F-8A61-772FD0C5BE54}
	EndGlobalSection
EndGlobal
